
Microsoft Visual Studio Solution File, Format Version 12.00
# Visual Studio Version 16
VisualStudioVersion = 16.0.31727.386
MinimumVisualStudioVersion = 10.0.40219.1
Project("{9A19103F-16F7-4668-BE54-9A1E7A4F7556}") = "UnitTest_Mock", "UnitTest_Mock.csproj", "{983117E5-3099-449D-9446-8FD845E7D546}"
EndProject
Project("{FAE04EC0-301F-11D3-BF4B-00C04F79EFBC}") = "UnitTesting", "UnitTesting\UnitTesting.csproj", "{6299948B-5865-4320-BE21-3BB801C07765}"
EndProject
Global
	GlobalSection(SolutionConfigurationPlatforms) = preSolution
		Debug|Any CPU = Debug|Any CPU
		Release|Any CPU = Release|Any CPU
	EndGlobalSection
	GlobalSection(ProjectConfigurationPlatforms) = postSolution
		{983117E5-3099-449D-9446-8FD845E7D546}.Debug|Any CPU.ActiveCfg = Debug|Any CPU
		{983117E5-3099-449D-9446-8FD845E7D546}.Debug|Any CPU.Build.0 = Debug|Any CPU
		{983117E5-3099-449D-9446-8FD845E7D546}.Release|Any CPU.ActiveCfg = Release|Any CPU
		{983117E5-3099-449D-9446-8FD845E7D546}.Release|Any CPU.Build.0 = Release|Any CPU
		{6299948B-5865-4320-BE21-3BB801C07765}.Debug|Any CPU.ActiveCfg = Debug|Any CPU
		{6299948B-5865-4320-BE21-3BB801C07765}.Debug|Any CPU.Build.0 = Debug|Any CPU
		{6299948B-5865-4320-BE21-3BB801C07765}.Release|Any CPU.ActiveCfg = Release|Any CPU
		{6299948B-5865-4320-BE21-3BB801C07765}.Release|Any CPU.Build.0 = Release|Any CPU
	EndGlobalSection
	GlobalSection(SolutionProperties) = preSolution
		HideSolutionNode = FALSE
	EndGlobalSection
	GlobalSection(ExtensibilityGlobals) = postSolution
		SolutionGuid = {24876019-A040-4CE9-8BCA-7AD0C0D29362}
	EndGlobalSection
EndGlobal
